
Microsoft Visual Studio Solution File, Format Version 12.00
# Visual Studio Version 17
VisualStudioVersion = 17.0.31903.59
MinimumVisualStudioVersion = 10.0.40219.1
Project("{2150E333-8FDC-42A3-9474-1A3956D46DE8}") = "src", "src", "{827E0CD3-B72D-47B6-A68D-7590B98EB39B}"
EndProject
Project("{2150E333-8FDC-42A3-9474-1A3956D46DE8}") = "Services", "Services", "{1CDF926B-691E-4A27-9F05-D2527BBC43C9}"
EndProject
Project("{2150E333-8FDC-42A3-9474-1A3956D46DE8}") = "Catalog", "Catalog", "{530E1A0B-274E-4A65-9204-CC89CED2D4C0}"
EndProject
Project("{FAE04EC0-301F-11D3-BF4B-00C04F79EFBC}") = "Host", "src\Services\Catalog\Host\Host.csproj", "{4EDAF760-C740-4287-A082-381933920EA5}"
EndProject
Global
	GlobalSection(SolutionConfigurationPlatforms) = preSolution
		Debug|Any CPU = Debug|Any CPU
		Debug|x64 = Debug|x64
		Debug|x86 = Debug|x86
		Release|Any CPU = Release|Any CPU
		Release|x64 = Release|x64
		Release|x86 = Release|x86
	EndGlobalSection
	GlobalSection(ProjectConfigurationPlatforms) = postSolution
		{4EDAF760-C740-4287-A082-381933920EA5}.Debug|Any CPU.ActiveCfg = Debug|Any CPU
		{4EDAF760-C740-4287-A082-381933920EA5}.Debug|Any CPU.Build.0 = Debug|Any CPU
		{4EDAF760-C740-4287-A082-381933920EA5}.Debug|x64.ActiveCfg = Debug|Any CPU
		{4EDAF760-C740-4287-A082-381933920EA5}.Debug|x64.Build.0 = Debug|Any CPU
		{4EDAF760-C740-4287-A082-381933920EA5}.Debug|x86.ActiveCfg = Debug|Any CPU
		{4EDAF760-C740-4287-A082-381933920EA5}.Debug|x86.Build.0 = Debug|Any CPU
		{4EDAF760-C740-4287-A082-381933920EA5}.Release|Any CPU.ActiveCfg = Release|Any CPU
		{4EDAF760-C740-4287-A082-381933920EA5}.Release|Any CPU.Build.0 = Release|Any CPU
		{4EDAF760-C740-4287-A082-381933920EA5}.Release|x64.ActiveCfg = Release|Any CPU
		{4EDAF760-C740-4287-A082-381933920EA5}.Release|x64.Build.0 = Release|Any CPU
		{4EDAF760-C740-4287-A082-381933920EA5}.Release|x86.ActiveCfg = Release|Any CPU
		{4EDAF760-C740-4287-A082-381933920EA5}.Release|x86.Build.0 = Release|Any CPU
	EndGlobalSection
	GlobalSection(SolutionProperties) = preSolution
		HideSolutionNode = FALSE
	EndGlobalSection
	GlobalSection(NestedProjects) = preSolution
		{1CDF926B-691E-4A27-9F05-D2527BBC43C9} = {827E0CD3-B72D-47B6-A68D-7590B98EB39B}
		{530E1A0B-274E-4A65-9204-CC89CED2D4C0} = {1CDF926B-691E-4A27-9F05-D2527BBC43C9}
		{4EDAF760-C740-4287-A082-381933920EA5} = {530E1A0B-274E-4A65-9204-CC89CED2D4C0}
	EndGlobalSection
EndGlobal
